
Microsoft Visual Studio Solution File, Format Version 12.00
# Visual Studio Version 16
VisualStudioVersion = 16.0.31129.286
MinimumVisualStudioVersion = 10.0.40219.1
Project("{FAE04EC0-301F-11D3-BF4B-00C04F79EFBC}") = "WebApp", "WebApp\WebApp.csproj", "{215A1377-7F10-4927-8179-00E8402533D3}"
EndProject
Project("{FAE04EC0-301F-11D3-BF4B-00C04F79EFBC}") = "Models", "Models\Models.csproj", "{DC9074E7-FDA9-4301-A200-6B81E7E5F7D5}"
EndProject
Project("{FAE04EC0-301F-11D3-BF4B-00C04F79EFBC}") = "DataLayer", "DataLayer\DataLayer.csproj", "{95588280-89AB-4206-A656-AAA77800D58C}"
EndProject
Global
	GlobalSection(SolutionConfigurationPlatforms) = preSolution
		Debug|Any CPU = Debug|Any CPU
		Release|Any CPU = Release|Any CPU
	EndGlobalSection
	GlobalSection(ProjectConfigurationPlatforms) = postSolution
		{215A1377-7F10-4927-8179-00E8402533D3}.Debug|Any CPU.ActiveCfg = Debug|Any CPU
		{215A1377-7F10-4927-8179-00E8402533D3}.Debug|Any CPU.Build.0 = Debug|Any CPU
		{215A1377-7F10-4927-8179-00E8402533D3}.Release|Any CPU.ActiveCfg = Release|Any CPU
		{215A1377-7F10-4927-8179-00E8402533D3}.Release|Any CPU.Build.0 = Release|Any CPU
		{DC9074E7-FDA9-4301-A200-6B81E7E5F7D5}.Debug|Any CPU.ActiveCfg = Debug|Any CPU
		{DC9074E7-FDA9-4301-A200-6B81E7E5F7D5}.Debug|Any CPU.Build.0 = Debug|Any CPU
		{DC9074E7-FDA9-4301-A200-6B81E7E5F7D5}.Release|Any CPU.ActiveCfg = Release|Any CPU
		{DC9074E7-FDA9-4301-A200-6B81E7E5F7D5}.Release|Any CPU.Build.0 = Release|Any CPU
		{95588280-89AB-4206-A656-AAA77800D58C}.Debug|Any CPU.ActiveCfg = Debug|Any CPU
		{95588280-89AB-4206-A656-AAA77800D58C}.Debug|Any CPU.Build.0 = Debug|Any CPU
		{95588280-89AB-4206-A656-AAA77800D58C}.Release|Any CPU.ActiveCfg = Release|Any CPU
		{95588280-89AB-4206-A656-AAA77800D58C}.Release|Any CPU.Build.0 = Release|Any CPU
	EndGlobalSection
	GlobalSection(SolutionProperties) = preSolution
		HideSolutionNode = FALSE
	EndGlobalSection
	GlobalSection(ExtensibilityGlobals) = postSolution
		SolutionGuid = {3EEBCB37-5244-4078-B9F0-BFBE302B94AD}
	EndGlobalSection
EndGlobal
